
Microsoft Visual Studio Solution File, Format Version 12.00
# Visual Studio Version 17
VisualStudioVersion = 17.7.34031.279
MinimumVisualStudioVersion = 10.0.40219.1
Project("{FAE04EC0-301F-11D3-BF4B-00C04F79EFBC}") = "pokerTestParser", "pokerTestParser.csproj", "{CFA425A1-449F-4B22-BB6C-22A427ACB974}"
EndProject
Global
	GlobalSection(SolutionConfigurationPlatforms) = preSolution
		Debug|Any CPU = Debug|Any CPU
		Release|Any CPU = Release|Any CPU
	EndGlobalSection
	GlobalSection(ProjectConfigurationPlatforms) = postSolution
		{CFA425A1-449F-4B22-BB6C-22A427ACB974}.Debug|Any CPU.ActiveCfg = Debug|Any CPU
		{CFA425A1-449F-4B22-BB6C-22A427ACB974}.Debug|Any CPU.Build.0 = Debug|Any CPU
		{CFA425A1-449F-4B22-BB6C-22A427ACB974}.Release|Any CPU.ActiveCfg = Release|Any CPU
		{CFA425A1-449F-4B22-BB6C-22A427ACB974}.Release|Any CPU.Build.0 = Release|Any CPU
	EndGlobalSection
	GlobalSection(SolutionProperties) = preSolution
		HideSolutionNode = FALSE
	EndGlobalSection
	GlobalSection(ExtensibilityGlobals) = postSolution
		SolutionGuid = {CEBF495F-3D6C-43FD-802F-EF96F67FB09A}
	EndGlobalSection
EndGlobal
